// !$*UTF8*$!
{
	archiveVersion = 1;
	classes = {
	};
	objectVersion = 46;
	objects = {

/* Begin PBXBuildFile section */
		310E236F1CBF778700219FC6 /* AppDelegate.swift in Sources */ = {isa = PBXBuildFile; fileRef = 310E236E1CBF778700219FC6 /* AppDelegate.swift */; };
		310E23711CBF778700219FC6 /* ViewController.swift in Sources */ = {isa = PBXBuildFile; fileRef = 310E23701CBF778700219FC6 /* ViewController.swift */; };
		310E23761CBF778700219FC6 /* Assets.xcassets in Resources */ = {isa = PBXBuildFile; fileRef = 310E23751CBF778700219FC6 /* Assets.xcassets */; };
		310E23791CBF778700219FC6 /* LaunchScreen.storyboard in Resources */ = {isa = PBXBuildFile; fileRef = 310E23771CBF778700219FC6 /* LaunchScreen.storyboard */; };
		310E23841CBF778700219FC6 /* forYourLoverTests.swift in Sources */ = {isa = PBXBuildFile; fileRef = 310E23831CBF778700219FC6 /* forYourLoverTests.swift */; };
		310E238F1CBF778700219FC6 /* forYourLoverUITests.swift in Sources */ = {isa = PBXBuildFile; fileRef = 310E238E1CBF778700219FC6 /* forYourLoverUITests.swift */; };
		310E239D1CBF7C5200219FC6 /* stepOneViewController.swift in Sources */ = {isa = PBXBuildFile; fileRef = 310E239C1CBF7C5200219FC6 /* stepOneViewController.swift */; };
		310E239F1CBF878900219FC6 /* accountBrain.swift in Sources */ = {isa = PBXBuildFile; fileRef = 310E239E1CBF878900219FC6 /* accountBrain.swift */; };
		310E23B41CBF94F400219FC6 /* stepTwoViewController.swift in Sources */ = {isa = PBXBuildFile; fileRef = 310E23B31CBF94F400219FC6 /* stepTwoViewController.swift */; };
		310E23B61CBFD1E500219FC6 /* stepThreeViewController.swift in Sources */ = {isa = PBXBuildFile; fileRef = 310E23B51CBFD1E500219FC6 /* stepThreeViewController.swift */; };
		310E23B81CBFD1F300219FC6 /* stepFourViewController.swift in Sources */ = {isa = PBXBuildFile; fileRef = 310E23B71CBFD1F300219FC6 /* stepFourViewController.swift */; };
		310E23BA1CBFD4C100219FC6 /* forYourLoveTableViewController.swift in Sources */ = {isa = PBXBuildFile; fileRef = 310E23B91CBFD4C100219FC6 /* forYourLoveTableViewController.swift */; };
		310E23BC1CBFD4DB00219FC6 /* forYourLoveTableViewCell.swift in Sources */ = {isa = PBXBuildFile; fileRef = 310E23BB1CBFD4DB00219FC6 /* forYourLoveTableViewCell.swift */; };
		3169BAEA1CC0DEAC006B4259 /* todoListBrain.swift in Sources */ = {isa = PBXBuildFile; fileRef = 3169BAE91CC0DEAC006B4259 /* todoListBrain.swift */; };
		3169BAEC1CC0FAA3006B4259 /* registerTableViewController.swift in Sources */ = {isa = PBXBuildFile; fileRef = 3169BAEB1CC0FAA3006B4259 /* registerTableViewController.swift */; };
		3169BAF01CC1008A006B4259 /* registerNameTableViewController.swift in Sources */ = {isa = PBXBuildFile; fileRef = 3169BAEF1CC1008A006B4259 /* registerNameTableViewController.swift */; };
		3169BAF61CC10977006B4259 /* registerEmailTableViewController.swift in Sources */ = {isa = PBXBuildFile; fileRef = 3169BAF51CC10977006B4259 /* registerEmailTableViewController.swift */; };
		3169BAF81CC10A2D006B4259 /* registerCodeTableViewController.swift in Sources */ = {isa = PBXBuildFile; fileRef = 3169BAF71CC10A2D006B4259 /* registerCodeTableViewController.swift */; };
		3169BAFA1CC141BF006B4259 /* registerAgeTableViewController.swift in Sources */ = {isa = PBXBuildFile; fileRef = 3169BAF91CC141BF006B4259 /* registerAgeTableViewController.swift */; };
		3169BAFC1CC144D0006B4259 /* registerGenderViewController.swift in Sources */ = {isa = PBXBuildFile; fileRef = 3169BAFB1CC144D0006B4259 /* registerGenderViewController.swift */; };
		3169BB041CC14D8E006B4259 /* registerInterestFieldTableViewController.swift in Sources */ = {isa = PBXBuildFile; fileRef = 3169BB031CC14D8E006B4259 /* registerInterestFieldTableViewController.swift */; };
		317310C21CC260D9007F84FB /* Main.storyboard in Resources */ = {isa = PBXBuildFile; fileRef = 317310C01CC260D9007F84FB /* Main.storyboard */; };
/* End PBXBuildFile section */

/* Begin PBXContainerItemProxy section */
		310E23801CBF778700219FC6 /* PBXContainerItemProxy */ = {
			isa = PBXContainerItemProxy;
			containerPortal = 310E23631CBF778700219FC6 /* Project object */;
			proxyType = 1;
			remoteGlobalIDString = 310E236A1CBF778700219FC6;
			remoteInfo = forYourLover;
		};
		310E238B1CBF778700219FC6 /* PBXContainerItemProxy */ = {
			isa = PBXContainerItemProxy;
			containerPortal = 310E23631CBF778700219FC6 /* Project object */;
			proxyType = 1;
			remoteGlobalIDString = 310E236A1CBF778700219FC6;
			remoteInfo = forYourLover;
		};
/* End PBXContainerItemProxy section */

/* Begin PBXFileReference section */
		310E236B1CBF778700219FC6 /* forYourLover.app */ = {isa = PBXFileReference; explicitFileType = wrapper.application; includeInIndex = 0; path = forYourLover.app; sourceTree = BUILT_PRODUCTS_DIR; };
		310E236E1CBF778700219FC6 /* AppDelegate.swift */ = {isa = PBXFileReference; lastKnownFileType = sourcecode.swift; path = AppDelegate.swift; sourceTree = "<group>"; };
		310E23701CBF778700219FC6 /* ViewController.swift */ = {isa = PBXFileReference; lastKnownFileType = sourcecode.swift; path = ViewController.swift; sourceTree = "<group>"; };
		310E23751CBF778700219FC6 /* Assets.xcassets */ = {isa = PBXFileReference; lastKnownFileType = folder.assetcatalog; path = Assets.xcassets; sourceTree = "<group>"; };
		310E23781CBF778700219FC6 /* Base */ = {isa = PBXFileReference; lastKnownFileType = file.storyboard; name = Base; path = Base.lproj/LaunchScreen.storyboard; sourceTree = "<group>"; };
		310E237A1CBF778700219FC6 /* Info.plist */ = {isa = PBXFileReference; lastKnownFileType = text.plist.xml; path = Info.plist; sourceTree = "<group>"; };
		310E237F1CBF778700219FC6 /* forYourLoverTests.xctest */ = {isa = PBXFileReference; explicitFileType = wrapper.cfbundle; includeInIndex = 0; path = forYourLoverTests.xctest; sourceTree = BUILT_PRODUCTS_DIR; };
		310E23831CBF778700219FC6 /* forYourLoverTests.swift */ = {isa = PBXFileReference; lastKnownFileType = sourcecode.swift; path = forYourLoverTests.swift; sourceTree = "<group>"; };
		310E23851CBF778700219FC6 /* Info.plist */ = {isa = PBXFileReference; lastKnownFileType = text.plist.xml; path = Info.plist; sourceTree = "<group>"; };
		310E238A1CBF778700219FC6 /* forYourLoverUITests.xctest */ = {isa = PBXFileReference; explicitFileType = wrapper.cfbundle; includeInIndex = 0; path = forYourLoverUITests.xctest; sourceTree = BUILT_PRODUCTS_DIR; };
		310E238E1CBF778700219FC6 /* forYourLoverUITests.swift */ = {isa = PBXFileReference; lastKnownFileType = sourcecode.swift; path = forYourLoverUITests.swift; sourceTree = "<group>"; };
		310E23901CBF778700219FC6 /* Info.plist */ = {isa = PBXFileReference; lastKnownFileType = text.plist.xml; path = Info.plist; sourceTree = "<group>"; };
		310E239C1CBF7C5200219FC6 /* stepOneViewController.swift */ = {isa = PBXFileReference; fileEncoding = 4; lastKnownFileType = sourcecode.swift; path = stepOneViewController.swift; sourceTree = "<group>"; };
		310E239E1CBF878900219FC6 /* accountBrain.swift */ = {isa = PBXFileReference; fileEncoding = 4; lastKnownFileType = sourcecode.swift; path = accountBrain.swift; sourceTree = "<group>"; };
		310E23B31CBF94F400219FC6 /* stepTwoViewController.swift */ = {isa = PBXFileReference; fileEncoding = 4; lastKnownFileType = sourcecode.swift; path = stepTwoViewController.swift; sourceTree = "<group>"; };
		310E23B51CBFD1E500219FC6 /* stepThreeViewController.swift */ = {isa = PBXFileReference; fileEncoding = 4; lastKnownFileType = sourcecode.swift; path = stepThreeViewController.swift; sourceTree = "<group>"; };
		310E23B71CBFD1F300219FC6 /* stepFourViewController.swift */ = {isa = PBXFileReference; fileEncoding = 4; lastKnownFileType = sourcecode.swift; path = stepFourViewController.swift; sourceTree = "<group>"; };
		310E23B91CBFD4C100219FC6 /* forYourLoveTableViewController.swift */ = {isa = PBXFileReference; fileEncoding = 4; lastKnownFileType = sourcecode.swift; path = forYourLoveTableViewController.swift; sourceTree = "<group>"; };
		310E23BB1CBFD4DB00219FC6 /* forYourLoveTableViewCell.swift */ = {isa = PBXFileReference; fileEncoding = 4; lastKnownFileType = sourcecode.swift; path = forYourLoveTableViewCell.swift; sourceTree = "<group>"; };
		3169BAE91CC0DEAC006B4259 /* todoListBrain.swift */ = {isa = PBXFileReference; fileEncoding = 4; lastKnownFileType = sourcecode.swift; name = todoListBrain.swift; path = ../todoListBrain.swift; sourceTree = "<group>"; };
		3169BAEB1CC0FAA3006B4259 /* registerTableViewController.swift */ = {isa = PBXFileReference; fileEncoding = 4; lastKnownFileType = sourcecode.swift; path = registerTableViewController.swift; sourceTree = "<group>"; };
		3169BAEF1CC1008A006B4259 /* registerNameTableViewController.swift */ = {isa = PBXFileReference; fileEncoding = 4; lastKnownFileType = sourcecode.swift; path = registerNameTableViewController.swift; sourceTree = "<group>"; };
		3169BAF51CC10977006B4259 /* registerEmailTableViewController.swift */ = {isa = PBXFileReference; fileEncoding = 4; lastKnownFileType = sourcecode.swift; name = registerEmailTableViewController.swift; path = ../registerEmailTableViewController.swift; sourceTree = "<group>"; };
		3169BAF71CC10A2D006B4259 /* registerCodeTableViewController.swift */ = {isa = PBXFileReference; fileEncoding = 4; lastKnownFileType = sourcecode.swift; path = registerCodeTableViewController.swift; sourceTree = "<group>"; };
		3169BAF91CC141BF006B4259 /* registerAgeTableViewController.swift */ = {isa = PBXFileReference; fileEncoding = 4; lastKnownFileType = sourcecode.swift; path = registerAgeTableViewController.swift; sourceTree = "<group>"; };
		3169BAFB1CC144D0006B4259 /* registerGenderViewController.swift */ = {isa = PBXFileReference; fileEncoding = 4; lastKnownFileType = sourcecode.swift; path = registerGenderViewController.swift; sourceTree = "<group>"; };
		3169BB031CC14D8E006B4259 /* registerInterestFieldTableViewController.swift */ = {isa = PBXFileReference; fileEncoding = 4; lastKnownFileType = sourcecode.swift; name = registerInterestFieldTableViewController.swift; path = ../registerInterestFieldTableViewController.swift; sourceTree = "<group>"; };
		317310C11CC260D9007F84FB /* Base */ = {isa = PBXFileReference; lastKnownFileType = file.storyboard; name = Base; path = Base.lproj/Main.storyboard; sourceTree = "<group>"; };
/* End PBXFileReference section */

/* Begin PBXFrameworksBuildPhase section */
		310E23681CBF778700219FC6 /* Frameworks */ = {
			isa = PBXFrameworksBuildPhase;
			buildActionMask = 2147483647;
			files = (
			);
			runOnlyForDeploymentPostprocessing = 0;
		};
		310E237C1CBF778700219FC6 /* Frameworks */ = {
			isa = PBXFrameworksBuildPhase;
			buildActionMask = 2147483647;
			files = (
			);
			runOnlyForDeploymentPostprocessing = 0;
		};
		310E23871CBF778700219FC6 /* Frameworks */ = {
			isa = PBXFrameworksBuildPhase;
			buildActionMask = 2147483647;
			files = (
			);
			runOnlyForDeploymentPostprocessing = 0;
		};
/* End PBXFrameworksBuildPhase section */

/* Begin PBXGroup section */
		310E23621CBF778700219FC6 = {
			isa = PBXGroup;
			children = (
				310E236D1CBF778700219FC6 /* forYourLover */,
				310E23821CBF778700219FC6 /* forYourLoverTests */,
				310E238D1CBF778700219FC6 /* forYourLoverUITests */,
				310E236C1CBF778700219FC6 /* Products */,
			);
			sourceTree = "<group>";
		};
		310E236C1CBF778700219FC6 /* Products */ = {
			isa = PBXGroup;
			children = (
				310E236B1CBF778700219FC6 /* forYourLover.app */,
				310E237F1CBF778700219FC6 /* forYourLoverTests.xctest */,
				310E238A1CBF778700219FC6 /* forYourLoverUITests.xctest */,
			);
			name = Products;
			sourceTree = "<group>";
		};
		310E236D1CBF778700219FC6 /* forYourLover */ = {
			isa = PBXGroup;
			children = (
				317310C31CC299ED007F84FB /* forYourLoverUserAccount */,
				3169BB011CC14C60006B4259 /* model */,
				3169BB001CC14C37006B4259 /* step */,
				3169BAFF1CC14C05006B4259 /* register */,
				310E236E1CBF778700219FC6 /* AppDelegate.swift */,
				317310C01CC260D9007F84FB /* Main.storyboard */,
				310E23701CBF778700219FC6 /* ViewController.swift */,
				310E23751CBF778700219FC6 /* Assets.xcassets */,
				310E23771CBF778700219FC6 /* LaunchScreen.storyboard */,
				310E237A1CBF778700219FC6 /* Info.plist */,
			);
			path = forYourLover;
			sourceTree = "<group>";
		};
		310E23821CBF778700219FC6 /* forYourLoverTests */ = {
			isa = PBXGroup;
			children = (
				310E23831CBF778700219FC6 /* forYourLoverTests.swift */,
				310E23851CBF778700219FC6 /* Info.plist */,
			);
			path = forYourLoverTests;
			sourceTree = "<group>";
		};
		310E238D1CBF778700219FC6 /* forYourLoverUITests */ = {
			isa = PBXGroup;
			children = (
				310E238E1CBF778700219FC6 /* forYourLoverUITests.swift */,
				310E23901CBF778700219FC6 /* Info.plist */,
			);
			path = forYourLoverUITests;
			sourceTree = "<group>";
		};
		3169BAFF1CC14C05006B4259 /* register */ = {
			isa = PBXGroup;
			children = (
				3169BAFB1CC144D0006B4259 /* registerGenderViewController.swift */,
				3169BAF71CC10A2D006B4259 /* registerCodeTableViewController.swift */,
				3169BAF51CC10977006B4259 /* registerEmailTableViewController.swift */,
				3169BB031CC14D8E006B4259 /* registerInterestFieldTableViewController.swift */,
				3169BAEF1CC1008A006B4259 /* registerNameTableViewController.swift */,
				3169BAF91CC141BF006B4259 /* registerAgeTableViewController.swift */,
				3169BAEB1CC0FAA3006B4259 /* registerTableViewController.swift */,
			);
			name = register;
			sourceTree = "<group>";
		};
		3169BB001CC14C37006B4259 /* step */ = {
			isa = PBXGroup;
			children = (
				310E239C1CBF7C5200219FC6 /* stepOneViewController.swift */,
				310E23B31CBF94F400219FC6 /* stepTwoViewController.swift */,
				310E23B51CBFD1E500219FC6 /* stepThreeViewController.swift */,
				310E23B71CBFD1F300219FC6 /* stepFourViewController.swift */,
			);
			name = step;
			sourceTree = "<group>";
		};
		3169BB011CC14C60006B4259 /* model */ = {
			isa = PBXGroup;
			children = (
				310E239E1CBF878900219FC6 /* accountBrain.swift */,
				3169BAE91CC0DEAC006B4259 /* todoListBrain.swift */,
			);
			name = model;
			sourceTree = "<group>";
		};
		317310C31CC299ED007F84FB /* forYourLoverUserAccount */ = {
			isa = PBXGroup;
			children = (
				310E23B91CBFD4C100219FC6 /* forYourLoveTableViewController.swift */,
				310E23BB1CBFD4DB00219FC6 /* forYourLoveTableViewCell.swift */,
			);
			name = forYourLoverUserAccount;
			sourceTree = "<group>";
		};
/* End PBXGroup section */

/* Begin PBXNativeTarget section */
		310E236A1CBF778700219FC6 /* forYourLover */ = {
			isa = PBXNativeTarget;
			buildConfigurationList = 310E23931CBF778700219FC6 /* Build configuration list for PBXNativeTarget "forYourLover" */;
			buildPhases = (
				310E23671CBF778700219FC6 /* Sources */,
				310E23681CBF778700219FC6 /* Frameworks */,
				310E23691CBF778700219FC6 /* Resources */,
			);
			buildRules = (
			);
			dependencies = (
			);
			name = forYourLover;
			productName = forYourLover;
			productReference = 310E236B1CBF778700219FC6 /* forYourLover.app */;
			productType = "com.apple.product-type.application";
		};
		310E237E1CBF778700219FC6 /* forYourLoverTests */ = {
			isa = PBXNativeTarget;
			buildConfigurationList = 310E23961CBF778700219FC6 /* Build configuration list for PBXNativeTarget "forYourLoverTests" */;
			buildPhases = (
				310E237B1CBF778700219FC6 /* Sources */,
				310E237C1CBF778700219FC6 /* Frameworks */,
				310E237D1CBF778700219FC6 /* Resources */,
			);
			buildRules = (
			);
			dependencies = (
				310E23811CBF778700219FC6 /* PBXTargetDependency */,
			);
			name = forYourLoverTests;
			productName = forYourLoverTests;
			productReference = 310E237F1CBF778700219FC6 /* forYourLoverTests.xctest */;
			productType = "com.apple.product-type.bundle.unit-test";
		};
		310E23891CBF778700219FC6 /* forYourLoverUITests */ = {
			isa = PBXNativeTarget;
			buildConfigurationList = 310E23991CBF778700219FC6 /* Build configuration list for PBXNativeTarget "forYourLoverUITests" */;
			buildPhases = (
				310E23861CBF778700219FC6 /* Sources */,
				310E23871CBF778700219FC6 /* Frameworks */,
				310E23881CBF778700219FC6 /* Resources */,
			);
			buildRules = (
			);
			dependencies = (
				310E238C1CBF778700219FC6 /* PBXTargetDependency */,
			);
			name = forYourLoverUITests;
			productName = forYourLoverUITests;
			productReference = 310E238A1CBF778700219FC6 /* forYourLoverUITests.xctest */;
			productType = "com.apple.product-type.bundle.ui-testing";
		};
/* End PBXNativeTarget section */

/* Begin PBXProject section */
		310E23631CBF778700219FC6 /* Project object */ = {
			isa = PBXProject;
			attributes = {
				LastSwiftUpdateCheck = 0720;
				LastUpgradeCheck = 0720;
				ORGANIZATIONNAME = "刘宇轩";
				TargetAttributes = {
					310E236A1CBF778700219FC6 = {
						CreatedOnToolsVersion = 7.2.1;
					};
					310E237E1CBF778700219FC6 = {
						CreatedOnToolsVersion = 7.2.1;
						TestTargetID = 310E236A1CBF778700219FC6;
					};
					310E23891CBF778700219FC6 = {
						CreatedOnToolsVersion = 7.2.1;
						TestTargetID = 310E236A1CBF778700219FC6;
					};
				};
			};
			buildConfigurationList = 310E23661CBF778700219FC6 /* Build configuration list for PBXProject "forYourLover" */;
			compatibilityVersion = "Xcode 3.2";
			developmentRegion = English;
			hasScannedForEncodings = 0;
			knownRegions = (
				en,
				Base,
			);
			mainGroup = 310E23621CBF778700219FC6;
			productRefGroup = 310E236C1CBF778700219FC6 /* Products */;
			projectDirPath = "";
			projectRoot = "";
			targets = (
				310E236A1CBF778700219FC6 /* forYourLover */,
				310E237E1CBF778700219FC6 /* forYourLoverTests */,
				310E23891CBF778700219FC6 /* forYourLoverUITests */,
			);
		};
/* End PBXProject section */

/* Begin PBXResourcesBuildPhase section */
		310E23691CBF778700219FC6 /* Resources */ = {
			isa = PBXResourcesBuildPhase;
			buildActionMask = 2147483647;
			files = (
				310E23791CBF778700219FC6 /* LaunchScreen.storyboard in Resources */,
				317310C21CC260D9007F84FB /* Main.storyboard in Resources */,
				310E23761CBF778700219FC6 /* Assets.xcassets in Resources */,
			);
			runOnlyForDeploymentPostprocessing = 0;
		};
		310E237D1CBF778700219FC6 /* Resources */ = {
			isa = PBXResourcesBuildPhase;
			buildActionMask = 2147483647;
			files = (
			);
			runOnlyForDeploymentPostprocessing = 0;
		};
		310E23881CBF778700219FC6 /* Resources */ = {
			isa = PBXResourcesBuildPhase;
			buildActionMask = 2147483647;
			files = (
			);
			runOnlyForDeploymentPostprocessing = 0;
		};
/* End PBXResourcesBuildPhase section */

/* Begin PBXSourcesBuildPhase section */
		310E23671CBF778700219FC6 /* Sources */ = {
			isa = PBXSourcesBuildPhase;
			buildActionMask = 2147483647;
			files = (
				3169BAEA1CC0DEAC006B4259 /* todoListBrain.swift in Sources */,
				3169BAF61CC10977006B4259 /* registerEmailTableViewController.swift in Sources */,
				3169BAF01CC1008A006B4259 /* registerNameTableViewController.swift in Sources */,
				3169BAF81CC10A2D006B4259 /* registerCodeTableViewController.swift in Sources */,
				310E23711CBF778700219FC6 /* ViewController.swift in Sources */,
				3169BAEC1CC0FAA3006B4259 /* registerTableViewController.swift in Sources */,
				310E236F1CBF778700219FC6 /* AppDelegate.swift in Sources */,
				3169BB041CC14D8E006B4259 /* registerInterestFieldTableViewController.swift in Sources */,
				3169BAFA1CC141BF006B4259 /* registerAgeTableViewController.swift in Sources */,
				310E23BA1CBFD4C100219FC6 /* forYourLoveTableViewController.swift in Sources */,
				310E239F1CBF878900219FC6 /* accountBrain.swift in Sources */,
				310E23B61CBFD1E500219FC6 /* stepThreeViewController.swift in Sources */,
				310E23B81CBFD1F300219FC6 /* stepFourViewController.swift in Sources */,
				310E23BC1CBFD4DB00219FC6 /* forYourLoveTableViewCell.swift in Sources */,
				310E239D1CBF7C5200219FC6 /* stepOneViewController.swift in Sources */,
				3169BAFC1CC144D0006B4259 /* registerGenderViewController.swift in Sources */,
				310E23B41CBF94F400219FC6 /* stepTwoViewController.swift in Sources */,
			);
			runOnlyForDeploymentPostprocessing = 0;
		};
		310E237B1CBF778700219FC6 /* Sources */ = {
			isa = PBXSourcesBuildPhase;
			buildActionMask = 2147483647;
			files = (
				310E23841CBF778700219FC6 /* forYourLoverTests.swift in Sources */,
			);
			runOnlyForDeploymentPostprocessing = 0;
		};
		310E23861CBF778700219FC6 /* Sources */ = {
			isa = PBXSourcesBuildPhase;
			buildActionMask = 2147483647;
			files = (
				310E238F1CBF778700219FC6 /* forYourLoverUITests.swift in Sources */,
			);
			runOnlyForDeploymentPostprocessing = 0;
		};
/* End PBXSourcesBuildPhase section */

/* Begin PBXTargetDependency section */
		310E23811CBF778700219FC6 /* PBXTargetDependency */ = {
			isa = PBXTargetDependency;
			target = 310E236A1CBF778700219FC6 /* forYourLover */;
			targetProxy = 310E23801CBF778700219FC6 /* PBXContainerItemProxy */;
		};
		310E238C1CBF778700219FC6 /* PBXTargetDependency */ = {
			isa = PBXTargetDependency;
			target = 310E236A1CBF778700219FC6 /* forYourLover */;
			targetProxy = 310E238B1CBF778700219FC6 /* PBXContainerItemProxy */;
		};
/* End PBXTargetDependency section */

/* Begin PBXVariantGroup section */
		310E23771CBF778700219FC6 /* LaunchScreen.storyboard */ = {
			isa = PBXVariantGroup;
			children = (
				310E23781CBF778700219FC6 /* Base */,
			);
			name = LaunchScreen.storyboard;
			sourceTree = "<group>";
		};
		317310C01CC260D9007F84FB /* Main.storyboard */ = {
			isa = PBXVariantGroup;
			children = (
				317310C11CC260D9007F84FB /* Base */,
			);
			name = Main.storyboard;
			sourceTree = "<group>";
		};
/* End PBXVariantGroup section */

/* Begin XCBuildConfiguration section */
		310E23911CBF778700219FC6 /* Debug */ = {
			isa = XCBuildConfiguration;
			buildSettings = {
				ALWAYS_SEARCH_USER_PATHS = NO;
				CLANG_CXX_LANGUAGE_STANDARD = "gnu++0x";
				CLANG_CXX_LIBRARY = "libc++";
				CLANG_ENABLE_MODULES = YES;
				CLANG_ENABLE_OBJC_ARC = YES;
				CLANG_WARN_BOOL_CONVERSION = YES;
				CLANG_WARN_CONSTANT_CONVERSION = YES;
				CLANG_WARN_DIRECT_OBJC_ISA_USAGE = YES_ERROR;
				CLANG_WARN_EMPTY_BODY = YES;
				CLANG_WARN_ENUM_CONVERSION = YES;
				CLANG_WARN_INT_CONVERSION = YES;
				CLANG_WARN_OBJC_ROOT_CLASS = YES_ERROR;
				CLANG_WARN_UNREACHABLE_CODE = YES;
				CLANG_WARN__DUPLICATE_METHOD_MATCH = YES;
				"CODE_SIGN_IDENTITY[sdk=iphoneos*]" = "iPhone Developer";
				COPY_PHASE_STRIP = NO;
				DEBUG_INFORMATION_FORMAT = dwarf;
				ENABLE_STRICT_OBJC_MSGSEND = YES;
				ENABLE_TESTABILITY = YES;
				GCC_C_LANGUAGE_STANDARD = gnu99;
				GCC_DYNAMIC_NO_PIC = NO;
				GCC_NO_COMMON_BLOCKS = YES;
				GCC_OPTIMIZATION_LEVEL = 0;
				GCC_PREPROCESSOR_DEFINITIONS = (
					"DEBUG=1",
					"$(inherited)",
				);
				GCC_WARN_64_TO_32_BIT_CONVERSION = YES;
				GCC_WARN_ABOUT_RETURN_TYPE = YES_ERROR;
				GCC_WARN_UNDECLARED_SELECTOR = YES;
				GCC_WARN_UNINITIALIZED_AUTOS = YES_AGGRESSIVE;
				GCC_WARN_UNUSED_FUNCTION = YES;
				GCC_WARN_UNUSED_VARIABLE = YES;
				IPHONEOS_DEPLOYMENT_TARGET = 9.2;
				MTL_ENABLE_DEBUG_INFO = YES;
				ONLY_ACTIVE_ARCH = YES;
				SDKROOT = iphoneos;
				SWIFT_OPTIMIZATION_LEVEL = "-Onone";
				TARGETED_DEVICE_FAMILY = "1,2";
			};
			name = Debug;
		};
		310E23921CBF778700219FC6 /* Release */ = {
			isa = XCBuildConfiguration;
			buildSettings = {
				ALWAYS_SEARCH_USER_PATHS = NO;
				CLANG_CXX_LANGUAGE_STANDARD = "gnu++0x";
				CLANG_CXX_LIBRARY = "libc++";
				CLANG_ENABLE_MODULES = YES;
				CLANG_ENABLE_OBJC_ARC = YES;
				CLANG_WARN_BOOL_CONVERSION = YES;
				CLANG_WARN_CONSTANT_CONVERSION = YES;
				CLANG_WARN_DIRECT_OBJC_ISA_USAGE = YES_ERROR;
				CLANG_WARN_EMPTY_BODY = YES;
				CLANG_WARN_ENUM_CONVERSION = YES;
				CLANG_WARN_INT_CONVERSION = YES;
				CLANG_WARN_OBJC_ROOT_CLASS = YES_ERROR;
				CLANG_WARN_UNREACHABLE_CODE = YES;
				CLANG_WARN__DUPLICATE_METHOD_MATCH = YES;
				"CODE_SIGN_IDENTITY[sdk=iphoneos*]" = "iPhone Developer";
				COPY_PHASE_STRIP = NO;
				DEBUG_INFORMATION_FORMAT = "dwarf-with-dsym";
				ENABLE_NS_ASSERTIONS = NO;
				ENABLE_STRICT_OBJC_MSGSEND = YES;
				GCC_C_LANGUAGE_STANDARD = gnu99;
				GCC_NO_COMMON_BLOCKS = YES;
				GCC_WARN_64_TO_32_BIT_CONVERSION = YES;
				GCC_WARN_ABOUT_RETURN_TYPE = YES_ERROR;
				GCC_WARN_UNDECLARED_SELECTOR = YES;
				GCC_WARN_UNINITIALIZED_AUTOS = YES_AGGRESSIVE;
				GCC_WARN_UNUSED_FUNCTION = YES;
				GCC_WARN_UNUSED_VARIABLE = YES;
				IPHONEOS_DEPLOYMENT_TARGET = 9.2;
				MTL_ENABLE_DEBUG_INFO = NO;
				SDKROOT = iphoneos;
				TARGETED_DEVICE_FAMILY = "1,2";
				VALIDATE_PRODUCT = YES;
			};
			name = Release;
		};
		310E23941CBF778700219FC6 /* Debug */ = {
			isa = XCBuildConfiguration;
			buildSettings = {
				ASSETCATALOG_COMPILER_APPICON_NAME = AppIcon;
				INFOPLIST_FILE = forYourLover/Info.plist;
				LD_RUNPATH_SEARCH_PATHS = "$(inherited) @executable_path/Frameworks";
				PRODUCT_BUNDLE_IDENTIFIER = superhero.liu.song.forYourLover;
				PRODUCT_NAME = "$(TARGET_NAME)";
			};
			name = Debug;
		};
		310E23951CBF778700219FC6 /* Release */ = {
			isa = XCBuildConfiguration;
			buildSettings = {
				ASSETCATALOG_COMPILER_APPICON_NAME = AppIcon;
				INFOPLIST_FILE = forYourLover/Info.plist;
				LD_RUNPATH_SEARCH_PATHS = "$(inherited) @executable_path/Frameworks";
				PRODUCT_BUNDLE_IDENTIFIER = superhero.liu.song.forYourLover;
				PRODUCT_NAME = "$(TARGET_NAME)";
			};
			name = Release;
		};
		310E23971CBF778700219FC6 /* Debug */ = {
			isa = XCBuildConfiguration;
			buildSettings = {
				BUNDLE_LOADER = "$(TEST_HOST)";
				INFOPLIST_FILE = forYourLoverTests/Info.plist;
				LD_RUNPATH_SEARCH_PATHS = "$(inherited) @executable_path/Frameworks @loader_path/Frameworks";
				PRODUCT_BUNDLE_IDENTIFIER = superhero.liu.song.forYourLoverTests;
				PRODUCT_NAME = "$(TARGET_NAME)";
				TEST_HOST = "$(BUILT_PRODUCTS_DIR)/forYourLover.app/forYourLover";
			};
			name = Debug;
		};
		310E23981CBF778700219FC6 /* Release */ = {
			isa = XCBuildConfiguration;
			buildSettings = {
				BUNDLE_LOADER = "$(TEST_HOST)";
				INFOPLIST_FILE = forYourLoverTests/Info.plist;
				LD_RUNPATH_SEARCH_PATHS = "$(inherited) @executable_path/Frameworks @loader_path/Frameworks";
				PRODUCT_BUNDLE_IDENTIFIER = superhero.liu.song.forYourLoverTests;
				PRODUCT_NAME = "$(TARGET_NAME)";
				TEST_HOST = "$(BUILT_PRODUCTS_DIR)/forYourLover.app/forYourLover";
			};
			name = Release;
		};
		310E239A1CBF778700219FC6 /* Debug */ = {
			isa = XCBuildConfiguration;
			buildSettings = {
				INFOPLIST_FILE = forYourLoverUITests/Info.plist;
				LD_RUNPATH_SEARCH_PATHS = "$(inherited) @executable_path/Frameworks @loader_path/Frameworks";
				PRODUCT_BUNDLE_IDENTIFIER = superhero.liu.song.forYourLoverUITests;
				PRODUCT_NAME = "$(TARGET_NAME)";
				TEST_TARGET_NAME = forYourLover;
				USES_XCTRUNNER = YES;
			};
			name = Debug;
		};
		310E239B1CBF778700219FC6 /* Release */ = {
			isa = XCBuildConfiguration;
			buildSettings = {
				INFOPLIST_FILE = forYourLoverUITests/Info.plist;
				LD_RUNPATH_SEARCH_PATHS = "$(inherited) @executable_path/Frameworks @loader_path/Frameworks";
				PRODUCT_BUNDLE_IDENTIFIER = superhero.liu.song.forYourLoverUITests;
				PRODUCT_NAME = "$(TARGET_NAME)";
				TEST_TARGET_NAME = forYourLover;
				USES_XCTRUNNER = YES;
			};
			name = Release;
		};
/* End XCBuildConfiguration section */

/* Begin XCConfigurationList section */
		310E23661CBF778700219FC6 /* Build configuration list for PBXProject "forYourLover" */ = {
			isa = XCConfigurationList;
			buildConfigurations = (
				310E23911CBF778700219FC6 /* Debug */,
				310E23921CBF778700219FC6 /* Release */,
			);
			defaultConfigurationIsVisible = 0;
			defaultConfigurationName = Release;
		};
		310E23931CBF778700219FC6 /* Build configuration list for PBXNativeTarget "forYourLover" */ = {
			isa = XCConfigurationList;
			buildConfigurations = (
				310E23941CBF778700219FC6 /* Debug */,
				310E23951CBF778700219FC6 /* Release */,
			);
			defaultConfigurationIsVisible = 0;
			defaultConfigurationName = Release;
		};
		310E23961CBF778700219FC6 /* Build configuration list for PBXNativeTarget "forYourLoverTests" */ = {
			isa = XCConfigurationList;
			buildConfigurations = (
				310E23971CBF778700219FC6 /* Debug */,
				310E23981CBF778700219FC6 /* Release */,
			);
			defaultConfigurationIsVisible = 0;
			defaultConfigurationName = Release;
		};
		310E23991CBF778700219FC6 /* Build configuration list for PBXNativeTarget "forYourLoverUITests" */ = {
			isa = XCConfigurationList;
			buildConfigurations = (
				310E239A1CBF778700219FC6 /* Debug */,
				310E239B1CBF778700219FC6 /* Release */,
			);
			defaultConfigurationIsVisible = 0;
			defaultConfigurationName = Release;
		};
/* End XCConfigurationList section */
	};
	rootObject = 310E23631CBF778700219FC6 /* Project object */;
}
